
Microsoft Visual Studio Solution File, Format Version 12.00
# Visual Studio Version 17
VisualStudioVersion = 17.9.34622.214
MinimumVisualStudioVersion = 10.0.40219.1
Project("{FAE04EC0-301F-11D3-BF4B-00C04F79EFBC}") = "Backend", "Backend\Backend.csproj", "{BE93A4CE-51D5-4F98-B492-57C6CBF231F4}"
EndProject
Global
	GlobalSection(SolutionConfigurationPlatforms) = preSolution
		Debug|Any CPU = Debug|Any CPU
		Release|Any CPU = Release|Any CPU
	EndGlobalSection
	GlobalSection(ProjectConfigurationPlatforms) = postSolution
		{BE93A4CE-51D5-4F98-B492-57C6CBF231F4}.Debug|Any CPU.ActiveCfg = Debug|Any CPU
		{BE93A4CE-51D5-4F98-B492-57C6CBF231F4}.Debug|Any CPU.Build.0 = Debug|Any CPU
		{BE93A4CE-51D5-4F98-B492-57C6CBF231F4}.Release|Any CPU.ActiveCfg = Release|Any CPU
		{BE93A4CE-51D5-4F98-B492-57C6CBF231F4}.Release|Any CPU.Build.0 = Release|Any CPU
	EndGlobalSection
	GlobalSection(SolutionProperties) = preSolution
		HideSolutionNode = FALSE
	EndGlobalSection
	GlobalSection(ExtensibilityGlobals) = postSolution
		SolutionGuid = {B8016B69-0638-4BB5-9F29-FE4A63CC94D6}
	EndGlobalSection
EndGlobal
